
Microsoft Visual Studio Solution File, Format Version 12.00
# Visual Studio Version 17
VisualStudioVersion = 17.9.34701.34
MinimumVisualStudioVersion = 10.0.40219.1
Project("{8BC9CEB8-8B4A-11D0-8D11-00A0C91BC942}") = "Jordano_Gauss", "Jordano_Gauss.vcxproj", "{39AADC70-5BF3-4FB9-831B-D136CA7BADAA}"
EndProject
Global
	GlobalSection(SolutionConfigurationPlatforms) = preSolution
		Debug|x64 = Debug|x64
		Debug|x86 = Debug|x86
		Release|x64 = Release|x64
		Release|x86 = Release|x86
	EndGlobalSection
	GlobalSection(ProjectConfigurationPlatforms) = postSolution
		{39AADC70-5BF3-4FB9-831B-D136CA7BADAA}.Debug|x64.ActiveCfg = Debug|x64
		{39AADC70-5BF3-4FB9-831B-D136CA7BADAA}.Debug|x64.Build.0 = Debug|x64
		{39AADC70-5BF3-4FB9-831B-D136CA7BADAA}.Debug|x86.ActiveCfg = Debug|Win32
		{39AADC70-5BF3-4FB9-831B-D136CA7BADAA}.Debug|x86.Build.0 = Debug|Win32
		{39AADC70-5BF3-4FB9-831B-D136CA7BADAA}.Release|x64.ActiveCfg = Release|x64
		{39AADC70-5BF3-4FB9-831B-D136CA7BADAA}.Release|x64.Build.0 = Release|x64
		{39AADC70-5BF3-4FB9-831B-D136CA7BADAA}.Release|x86.ActiveCfg = Release|Win32
		{39AADC70-5BF3-4FB9-831B-D136CA7BADAA}.Release|x86.Build.0 = Release|Win32
	EndGlobalSection
	GlobalSection(SolutionProperties) = preSolution
		HideSolutionNode = FALSE
	EndGlobalSection
	GlobalSection(ExtensibilityGlobals) = postSolution
		SolutionGuid = {DDFFD9E8-F585-4AF9-A2C3-587DB7B5225B}
	EndGlobalSection
EndGlobal
